// !$*UTF8*$!
{
	archiveVersion = 1;
	classes = {
	};
	objectVersion = 56;
	objects = {

/* Begin PBXBuildFile section */
		90841F602C9B67070083DA98 /* InteractiveUI_MultipleViewsApp.swift in Sources */ = {isa = PBXBuildFile; fileRef = 90841F5F2C9B67070083DA98 /* InteractiveUI_MultipleViewsApp.swift */; };
		90841F622C9B67070083DA98 /* ContentView.swift in Sources */ = {isa = PBXBuildFile; fileRef = 90841F612C9B67070083DA98 /* ContentView.swift */; };
		90841F642C9B67080083DA98 /* Assets.xcassets in Resources */ = {isa = PBXBuildFile; fileRef = 90841F632C9B67080083DA98 /* Assets.xcassets */; };
		90841F672C9B67080083DA98 /* Preview Assets.xcassets in Resources */ = {isa = PBXBuildFile; fileRef = 90841F662C9B67080083DA98 /* Preview Assets.xcassets */; };
		90841F712C9B67080083DA98 /* InteractiveUI_MultipleViewsTests.swift in Sources */ = {isa = PBXBuildFile; fileRef = 90841F702C9B67080083DA98 /* InteractiveUI_MultipleViewsTests.swift */; };
		90841F7B2C9B67080083DA98 /* InteractiveUI_MultipleViewsUITests.swift in Sources */ = {isa = PBXBuildFile; fileRef = 90841F7A2C9B67080083DA98 /* InteractiveUI_MultipleViewsUITests.swift */; };
		90841F7D2C9B67080083DA98 /* InteractiveUI_MultipleViewsUITestsLaunchTests.swift in Sources */ = {isa = PBXBuildFile; fileRef = 90841F7C2C9B67080083DA98 /* InteractiveUI_MultipleViewsUITestsLaunchTests.swift */; };
/* End PBXBuildFile section */

/* Begin PBXContainerItemProxy section */
		90841F6D2C9B67080083DA98 /* PBXContainerItemProxy */ = {
			isa = PBXContainerItemProxy;
			containerPortal = 90841F542C9B67070083DA98 /* Project object */;
			proxyType = 1;
			remoteGlobalIDString = 90841F5B2C9B67070083DA98;
			remoteInfo = InteractiveUI_MultipleViews;
		};
		90841F772C9B67080083DA98 /* PBXContainerItemProxy */ = {
			isa = PBXContainerItemProxy;
			containerPortal = 90841F542C9B67070083DA98 /* Project object */;
			proxyType = 1;
			remoteGlobalIDString = 90841F5B2C9B67070083DA98;
			remoteInfo = InteractiveUI_MultipleViews;
		};
/* End PBXContainerItemProxy section */

/* Begin PBXFileReference section */
		90841F5C2C9B67070083DA98 /* InteractiveUI_MultipleViews.app */ = {isa = PBXFileReference; explicitFileType = wrapper.application; includeInIndex = 0; path = InteractiveUI_MultipleViews.app; sourceTree = BUILT_PRODUCTS_DIR; };
		90841F5F2C9B67070083DA98 /* InteractiveUI_MultipleViewsApp.swift */ = {isa = PBXFileReference; lastKnownFileType = sourcecode.swift; path = InteractiveUI_MultipleViewsApp.swift; sourceTree = "<group>"; };
		90841F612C9B67070083DA98 /* ContentView.swift */ = {isa = PBXFileReference; lastKnownFileType = sourcecode.swift; path = ContentView.swift; sourceTree = "<group>"; };
		90841F632C9B67080083DA98 /* Assets.xcassets */ = {isa = PBXFileReference; lastKnownFileType = folder.assetcatalog; path = Assets.xcassets; sourceTree = "<group>"; };
		90841F662C9B67080083DA98 /* Preview Assets.xcassets */ = {isa = PBXFileReference; lastKnownFileType = folder.assetcatalog; path = "Preview Assets.xcassets"; sourceTree = "<group>"; };
		90841F6C2C9B67080083DA98 /* InteractiveUI_MultipleViewsTests.xctest */ = {isa = PBXFileReference; explicitFileType = wrapper.cfbundle; includeInIndex = 0; path = InteractiveUI_MultipleViewsTests.xctest; sourceTree = BUILT_PRODUCTS_DIR; };
		90841F702C9B67080083DA98 /* InteractiveUI_MultipleViewsTests.swift */ = {isa = PBXFileReference; lastKnownFileType = sourcecode.swift; path = InteractiveUI_MultipleViewsTests.swift; sourceTree = "<group>"; };
		90841F762C9B67080083DA98 /* InteractiveUI_MultipleViewsUITests.xctest */ = {isa = PBXFileReference; explicitFileType = wrapper.cfbundle; includeInIndex = 0; path = InteractiveUI_MultipleViewsUITests.xctest; sourceTree = BUILT_PRODUCTS_DIR; };
		90841F7A2C9B67080083DA98 /* InteractiveUI_MultipleViewsUITests.swift */ = {isa = PBXFileReference; lastKnownFileType = sourcecode.swift; path = InteractiveUI_MultipleViewsUITests.swift; sourceTree = "<group>"; };
		90841F7C2C9B67080083DA98 /* InteractiveUI_MultipleViewsUITestsLaunchTests.swift */ = {isa = PBXFileReference; lastKnownFileType = sourcecode.swift; path = InteractiveUI_MultipleViewsUITestsLaunchTests.swift; sourceTree = "<group>"; };
/* End PBXFileReference section */

/* Begin PBXFrameworksBuildPhase section */
		90841F592C9B67070083DA98 /* Frameworks */ = {
			isa = PBXFrameworksBuildPhase;
			buildActionMask = 2147483647;
			files = (
			);
			runOnlyForDeploymentPostprocessing = 0;
		};
		90841F692C9B67080083DA98 /* Frameworks */ = {
			isa = PBXFrameworksBuildPhase;
			buildActionMask = 2147483647;
			files = (
			);
			runOnlyForDeploymentPostprocessing = 0;
		};
		90841F732C9B67080083DA98 /* Frameworks */ = {
			isa = PBXFrameworksBuildPhase;
			buildActionMask = 2147483647;
			files = (
			);
			runOnlyForDeploymentPostprocessing = 0;
		};
/* End PBXFrameworksBuildPhase section */

/* Begin PBXGroup section */
		90841F532C9B67070083DA98 = {
			isa = PBXGroup;
			children = (
				90841F5E2C9B67070083DA98 /* InteractiveUI_MultipleViews */,
				90841F6F2C9B67080083DA98 /* InteractiveUI_MultipleViewsTests */,
				90841F792C9B67080083DA98 /* InteractiveUI_MultipleViewsUITests */,
				90841F5D2C9B67070083DA98 /* Products */,
			);
			sourceTree = "<group>";
		};
		90841F5D2C9B67070083DA98 /* Products */ = {
			isa = PBXGroup;
			children = (
				90841F5C2C9B67070083DA98 /* InteractiveUI_MultipleViews.app */,
				90841F6C2C9B67080083DA98 /* InteractiveUI_MultipleViewsTests.xctest */,
				90841F762C9B67080083DA98 /* InteractiveUI_MultipleViewsUITests.xctest */,
			);
			name = Products;
			sourceTree = "<group>";
		};
		90841F5E2C9B67070083DA98 /* InteractiveUI_MultipleViews */ = {
			isa = PBXGroup;
			children = (
				90841F5F2C9B67070083DA98 /* InteractiveUI_MultipleViewsApp.swift */,
				90841F612C9B67070083DA98 /* ContentView.swift */,
				90841F632C9B67080083DA98 /* Assets.xcassets */,
				90841F652C9B67080083DA98 /* Preview Content */,
			);
			path = InteractiveUI_MultipleViews;
			sourceTree = "<group>";
		};
		90841F652C9B67080083DA98 /* Preview Content */ = {
			isa = PBXGroup;
			children = (
				90841F662C9B67080083DA98 /* Preview Assets.xcassets */,
			);
			path = "Preview Content";
			sourceTree = "<group>";
		};
		90841F6F2C9B67080083DA98 /* InteractiveUI_MultipleViewsTests */ = {
			isa = PBXGroup;
			children = (
				90841F702C9B67080083DA98 /* InteractiveUI_MultipleViewsTests.swift */,
			);
			path = InteractiveUI_MultipleViewsTests;
			sourceTree = "<group>";
		};
		90841F792C9B67080083DA98 /* InteractiveUI_MultipleViewsUITests */ = {
			isa = PBXGroup;
			children = (
				90841F7A2C9B67080083DA98 /* InteractiveUI_MultipleViewsUITests.swift */,
				90841F7C2C9B67080083DA98 /* InteractiveUI_MultipleViewsUITestsLaunchTests.swift */,
			);
			path = InteractiveUI_MultipleViewsUITests;
			sourceTree = "<group>";
		};
/* End PBXGroup section */

/* Begin PBXNativeTarget section */
		90841F5B2C9B67070083DA98 /* InteractiveUI_MultipleViews */ = {
			isa = PBXNativeTarget;
			buildConfigurationList = 90841F802C9B67080083DA98 /* Build configuration list for PBXNativeTarget "InteractiveUI_MultipleViews" */;
			buildPhases = (
				90841F582C9B67070083DA98 /* Sources */,
				90841F592C9B67070083DA98 /* Frameworks */,
				90841F5A2C9B67070083DA98 /* Resources */,
			);
			buildRules = (
			);
			dependencies = (
			);
			name = InteractiveUI_MultipleViews;
			productName = InteractiveUI_MultipleViews;
			productReference = 90841F5C2C9B67070083DA98 /* InteractiveUI_MultipleViews.app */;
			productType = "com.apple.product-type.application";
		};
		90841F6B2C9B67080083DA98 /* InteractiveUI_MultipleViewsTests */ = {
			isa = PBXNativeTarget;
			buildConfigurationList = 90841F832C9B67080083DA98 /* Build configuration list for PBXNativeTarget "InteractiveUI_MultipleViewsTests" */;
			buildPhases = (
				90841F682C9B67080083DA98 /* Sources */,
				90841F692C9B67080083DA98 /* Frameworks */,
				90841F6A2C9B67080083DA98 /* Resources */,
			);
			buildRules = (
			);
			dependencies = (
				90841F6E2C9B67080083DA98 /* PBXTargetDependency */,
			);
			name = InteractiveUI_MultipleViewsTests;
			productName = InteractiveUI_MultipleViewsTests;
			productReference = 90841F6C2C9B67080083DA98 /* InteractiveUI_MultipleViewsTests.xctest */;
			productType = "com.apple.product-type.bundle.unit-test";
		};
		90841F752C9B67080083DA98 /* InteractiveUI_MultipleViewsUITests */ = {
			isa = PBXNativeTarget;
			buildConfigurationList = 90841F862C9B67080083DA98 /* Build configuration list for PBXNativeTarget "InteractiveUI_MultipleViewsUITests" */;
			buildPhases = (
				90841F722C9B67080083DA98 /* Sources */,
				90841F732C9B67080083DA98 /* Frameworks */,
				90841F742C9B67080083DA98 /* Resources */,
			);
			buildRules = (
			);
			dependencies = (
				90841F782C9B67080083DA98 /* PBXTargetDependency */,
			);
			name = InteractiveUI_MultipleViewsUITests;
			productName = InteractiveUI_MultipleViewsUITests;
			productReference = 90841F762C9B67080083DA98 /* InteractiveUI_MultipleViewsUITests.xctest */;
			productType = "com.apple.product-type.bundle.ui-testing";
		};
/* End PBXNativeTarget section */

/* Begin PBXProject section */
		90841F542C9B67070083DA98 /* Project object */ = {
			isa = PBXProject;
			attributes = {
				BuildIndependentTargetsInParallel = 1;
				LastSwiftUpdateCheck = 1500;
				LastUpgradeCheck = 1500;
				TargetAttributes = {
					90841F5B2C9B67070083DA98 = {
						CreatedOnToolsVersion = 15.0;
					};
					90841F6B2C9B67080083DA98 = {
						CreatedOnToolsVersion = 15.0;
						TestTargetID = 90841F5B2C9B67070083DA98;
					};
					90841F752C9B67080083DA98 = {
						CreatedOnToolsVersion = 15.0;
						TestTargetID = 90841F5B2C9B67070083DA98;
					};
				};
			};
			buildConfigurationList = 90841F572C9B67070083DA98 /* Build configuration list for PBXProject "InteractiveUI_MultipleViews" */;
			compatibilityVersion = "Xcode 14.0";
			developmentRegion = en;
			hasScannedForEncodings = 0;
			knownRegions = (
				en,
				Base,
			);
			mainGroup = 90841F532C9B67070083DA98;
			productRefGroup = 90841F5D2C9B67070083DA98 /* Products */;
			projectDirPath = "";
			projectRoot = "";
			targets = (
				90841F5B2C9B67070083DA98 /* InteractiveUI_MultipleViews */,
				90841F6B2C9B67080083DA98 /* InteractiveUI_MultipleViewsTests */,
				90841F752C9B67080083DA98 /* InteractiveUI_MultipleViewsUITests */,
			);
		};
/* End PBXProject section */

/* Begin PBXResourcesBuildPhase section */
		90841F5A2C9B67070083DA98 /* Resources */ = {
			isa = PBXResourcesBuildPhase;
			buildActionMask = 2147483647;
			files = (
				90841F672C9B67080083DA98 /* Preview Assets.xcassets in Resources */,
				90841F642C9B67080083DA98 /* Assets.xcassets in Resources */,
			);
			runOnlyForDeploymentPostprocessing = 0;
		};
		90841F6A2C9B67080083DA98 /* Resources */ = {
			isa = PBXResourcesBuildPhase;
			buildActionMask = 2147483647;
			files = (
			);
			runOnlyForDeploymentPostprocessing = 0;
		};
		90841F742C9B67080083DA98 /* Resources */ = {
			isa = PBXResourcesBuildPhase;
			buildActionMask = 2147483647;
			files = (
			);
			runOnlyForDeploymentPostprocessing = 0;
		};
/* End PBXResourcesBuildPhase section */

/* Begin PBXSourcesBuildPhase section */
		90841F582C9B67070083DA98 /* Sources */ = {
			isa = PBXSourcesBuildPhase;
			buildActionMask = 2147483647;
			files = (
				90841F622C9B67070083DA98 /* ContentView.swift in Sources */,
				90841F602C9B67070083DA98 /* InteractiveUI_MultipleViewsApp.swift in Sources */,
			);
			runOnlyForDeploymentPostprocessing = 0;
		};
		90841F682C9B67080083DA98 /* Sources */ = {
			isa = PBXSourcesBuildPhase;
			buildActionMask = 2147483647;
			files = (
				90841F712C9B67080083DA98 /* InteractiveUI_MultipleViewsTests.swift in Sources */,
			);
			runOnlyForDeploymentPostprocessing = 0;
		};
		90841F722C9B67080083DA98 /* Sources */ = {
			isa = PBXSourcesBuildPhase;
			buildActionMask = 2147483647;
			files = (
				90841F7D2C9B67080083DA98 /* InteractiveUI_MultipleViewsUITestsLaunchTests.swift in Sources */,
				90841F7B2C9B67080083DA98 /* InteractiveUI_MultipleViewsUITests.swift in Sources */,
			);
			runOnlyForDeploymentPostprocessing = 0;
		};
/* End PBXSourcesBuildPhase section */

/* Begin PBXTargetDependency section */
		90841F6E2C9B67080083DA98 /* PBXTargetDependency */ = {
			isa = PBXTargetDependency;
			target = 90841F5B2C9B67070083DA98 /* InteractiveUI_MultipleViews */;
			targetProxy = 90841F6D2C9B67080083DA98 /* PBXContainerItemProxy */;
		};
		90841F782C9B67080083DA98 /* PBXTargetDependency */ = {
			isa = PBXTargetDependency;
			target = 90841F5B2C9B67070083DA98 /* InteractiveUI_MultipleViews */;
			targetProxy = 90841F772C9B67080083DA98 /* PBXContainerItemProxy */;
		};
/* End PBXTargetDependency section */

/* Begin XCBuildConfiguration section */
		90841F7E2C9B67080083DA98 /* Debug */ = {
			isa = XCBuildConfiguration;
			buildSettings = {
				ALWAYS_SEARCH_USER_PATHS = NO;
				ASSETCATALOG_COMPILER_GENERATE_SWIFT_ASSET_SYMBOL_EXTENSIONS = YES;
				CLANG_ANALYZER_NONNULL = YES;
				CLANG_ANALYZER_NUMBER_OBJECT_CONVERSION = YES_AGGRESSIVE;
				CLANG_CXX_LANGUAGE_STANDARD = "gnu++20";
				CLANG_ENABLE_MODULES = YES;
				CLANG_ENABLE_OBJC_ARC = YES;
				CLANG_ENABLE_OBJC_WEAK = YES;
				CLANG_WARN_BLOCK_CAPTURE_AUTORELEASING = YES;
				CLANG_WARN_BOOL_CONVERSION = YES;
				CLANG_WARN_COMMA = YES;
				CLANG_WARN_CONSTANT_CONVERSION = YES;
				CLANG_WARN_DEPRECATED_OBJC_IMPLEMENTATIONS = YES;
				CLANG_WARN_DIRECT_OBJC_ISA_USAGE = YES_ERROR;
				CLANG_WARN_DOCUMENTATION_COMMENTS = YES;
				CLANG_WARN_EMPTY_BODY = YES;
				CLANG_WARN_ENUM_CONVERSION = YES;
				CLANG_WARN_INFINITE_RECURSION = YES;
				CLANG_WARN_INT_CONVERSION = YES;
				CLANG_WARN_NON_LITERAL_NULL_CONVERSION = YES;
				CLANG_WARN_OBJC_IMPLICIT_RETAIN_SELF = YES;
				CLANG_WARN_OBJC_LITERAL_CONVERSION = YES;
				CLANG_WARN_OBJC_ROOT_CLASS = YES_ERROR;
				CLANG_WARN_QUOTED_INCLUDE_IN_FRAMEWORK_HEADER = YES;
				CLANG_WARN_RANGE_LOOP_ANALYSIS = YES;
				CLANG_WARN_STRICT_PROTOTYPES = YES;
				CLANG_WARN_SUSPICIOUS_MOVE = YES;
				CLANG_WARN_UNGUARDED_AVAILABILITY = YES_AGGRESSIVE;
				CLANG_WARN_UNREACHABLE_CODE = YES;
				CLANG_WARN__DUPLICATE_METHOD_MATCH = YES;
				COPY_PHASE_STRIP = NO;
				DEBUG_INFORMATION_FORMAT = dwarf;
				ENABLE_STRICT_OBJC_MSGSEND = YES;
				ENABLE_TESTABILITY = YES;
				ENABLE_USER_SCRIPT_SANDBOXING = YES;
				GCC_C_LANGUAGE_STANDARD = gnu17;
				GCC_DYNAMIC_NO_PIC = NO;
				GCC_NO_COMMON_BLOCKS = YES;
				GCC_OPTIMIZATION_LEVEL = 0;
				GCC_PREPROCESSOR_DEFINITIONS = (
					"DEBUG=1",
					"$(inherited)",
				);
				GCC_WARN_64_TO_32_BIT_CONVERSION = YES;
				GCC_WARN_ABOUT_RETURN_TYPE = YES_ERROR;
				GCC_WARN_UNDECLARED_SELECTOR = YES;
				GCC_WARN_UNINITIALIZED_AUTOS = YES_AGGRESSIVE;
				GCC_WARN_UNUSED_FUNCTION = YES;
				GCC_WARN_UNUSED_VARIABLE = YES;
				IPHONEOS_DEPLOYMENT_TARGET = 17.0;
				LOCALIZATION_PREFERS_STRING_CATALOGS = YES;
				MTL_ENABLE_DEBUG_INFO = INCLUDE_SOURCE;
				MTL_FAST_MATH = YES;
				ONLY_ACTIVE_ARCH = YES;
				SDKROOT = iphoneos;
				SWIFT_ACTIVE_COMPILATION_CONDITIONS = "DEBUG $(inherited)";
				SWIFT_OPTIMIZATION_LEVEL = "-Onone";
			};
			name = Debug;
		};
		90841F7F2C9B67080083DA98 /* Release */ = {
			isa = XCBuildConfiguration;
			buildSettings = {
				ALWAYS_SEARCH_USER_PATHS = NO;
				ASSETCATALOG_COMPILER_GENERATE_SWIFT_ASSET_SYMBOL_EXTENSIONS = YES;
				CLANG_ANALYZER_NONNULL = YES;
				CLANG_ANALYZER_NUMBER_OBJECT_CONVERSION = YES_AGGRESSIVE;
				CLANG_CXX_LANGUAGE_STANDARD = "gnu++20";
				CLANG_ENABLE_MODULES = YES;
				CLANG_ENABLE_OBJC_ARC = YES;
				CLANG_ENABLE_OBJC_WEAK = YES;
				CLANG_WARN_BLOCK_CAPTURE_AUTORELEASING = YES;
				CLANG_WARN_BOOL_CONVERSION = YES;
				CLANG_WARN_COMMA = YES;
				CLANG_WARN_CONSTANT_CONVERSION = YES;
				CLANG_WARN_DEPRECATED_OBJC_IMPLEMENTATIONS = YES;
				CLANG_WARN_DIRECT_OBJC_ISA_USAGE = YES_ERROR;
				CLANG_WARN_DOCUMENTATION_COMMENTS = YES;
				CLANG_WARN_EMPTY_BODY = YES;
				CLANG_WARN_ENUM_CONVERSION = YES;
				CLANG_WARN_INFINITE_RECURSION = YES;
				CLANG_WARN_INT_CONVERSION = YES;
				CLANG_WARN_NON_LITERAL_NULL_CONVERSION = YES;
				CLANG_WARN_OBJC_IMPLICIT_RETAIN_SELF = YES;
				CLANG_WARN_OBJC_LITERAL_CONVERSION = YES;
				CLANG_WARN_OBJC_ROOT_CLASS = YES_ERROR;
				CLANG_WARN_QUOTED_INCLUDE_IN_FRAMEWORK_HEADER = YES;
				CLANG_WARN_RANGE_LOOP_ANALYSIS = YES;
				CLANG_WARN_STRICT_PROTOTYPES = YES;
				CLANG_WARN_SUSPICIOUS_MOVE = YES;
				CLANG_WARN_UNGUARDED_AVAILABILITY = YES_AGGRESSIVE;
				CLANG_WARN_UNREACHABLE_CODE = YES;
				CLANG_WARN__DUPLICATE_METHOD_MATCH = YES;
				COPY_PHASE_STRIP = NO;
				DEBUG_INFORMATION_FORMAT = "dwarf-with-dsym";
				ENABLE_NS_ASSERTIONS = NO;
				ENABLE_STRICT_OBJC_MSGSEND = YES;
				ENABLE_USER_SCRIPT_SANDBOXING = YES;
				GCC_C_LANGUAGE_STANDARD = gnu17;
				GCC_NO_COMMON_BLOCKS = YES;
				GCC_WARN_64_TO_32_BIT_CONVERSION = YES;
				GCC_WARN_ABOUT_RETURN_TYPE = YES_ERROR;
				GCC_WARN_UNDECLARED_SELECTOR = YES;
				GCC_WARN_UNINITIALIZED_AUTOS = YES_AGGRESSIVE;
				GCC_WARN_UNUSED_FUNCTION = YES;
				GCC_WARN_UNUSED_VARIABLE = YES;
				IPHONEOS_DEPLOYMENT_TARGET = 17.0;
				LOCALIZATION_PREFERS_STRING_CATALOGS = YES;
				MTL_ENABLE_DEBUG_INFO = NO;
				MTL_FAST_MATH = YES;
				SDKROOT = iphoneos;
				SWIFT_COMPILATION_MODE = wholemodule;
				VALIDATE_PRODUCT = YES;
			};
			name = Release;
		};
		90841F812C9B67080083DA98 /* Debug */ = {
			isa = XCBuildConfiguration;
			buildSettings = {
				ASSETCATALOG_COMPILER_APPICON_NAME = AppIcon;
				ASSETCATALOG_COMPILER_GLOBAL_ACCENT_COLOR_NAME = AccentColor;
				CODE_SIGN_STYLE = Automatic;
				CURRENT_PROJECT_VERSION = 1;
				DEVELOPMENT_ASSET_PATHS = "\"InteractiveUI_MultipleViews/Preview Content\"";
				ENABLE_PREVIEWS = YES;
				GENERATE_INFOPLIST_FILE = YES;
				INFOPLIST_KEY_UIApplicationSceneManifest_Generation = YES;
				INFOPLIST_KEY_UIApplicationSupportsIndirectInputEvents = YES;
				INFOPLIST_KEY_UILaunchScreen_Generation = YES;
				INFOPLIST_KEY_UISupportedInterfaceOrientations_iPad = "UIInterfaceOrientationPortrait UIInterfaceOrientationPortraitUpsideDown UIInterfaceOrientationLandscapeLeft UIInterfaceOrientationLandscapeRight";
				INFOPLIST_KEY_UISupportedInterfaceOrientations_iPhone = "UIInterfaceOrientationPortrait UIInterfaceOrientationLandscapeLeft UIInterfaceOrientationLandscapeRight";
				LD_RUNPATH_SEARCH_PATHS = (
					"$(inherited)",
					"@executable_path/Frameworks",
				);
				MARKETING_VERSION = 1.0;
				PRODUCT_BUNDLE_IDENTIFIER = "com.isabelq.InteractiveUI-MultipleViews";
				PRODUCT_NAME = "$(TARGET_NAME)";
				SWIFT_EMIT_LOC_STRINGS = YES;
				SWIFT_VERSION = 5.0;
				TARGETED_DEVICE_FAMILY = "1,2";
			};
			name = Debug;
		};
		90841F822C9B67080083DA98 /* Release */ = {
			isa = XCBuildConfiguration;
			buildSettings = {
				ASSETCATALOG_COMPILER_APPICON_NAME = AppIcon;
				ASSETCATALOG_COMPILER_GLOBAL_ACCENT_COLOR_NAME = AccentColor;
				CODE_SIGN_STYLE = Automatic;
				CURRENT_PROJECT_VERSION = 1;
				DEVELOPMENT_ASSET_PATHS = "\"InteractiveUI_MultipleViews/Preview Content\"";
				ENABLE_PREVIEWS = YES;
				GENERATE_INFOPLIST_FILE = YES;
				INFOPLIST_KEY_UIApplicationSceneManifest_Generation = YES;
				INFOPLIST_KEY_UIApplicationSupportsIndirectInputEvents = YES;
				INFOPLIST_KEY_UILaunchScreen_Generation = YES;
				INFOPLIST_KEY_UISupportedInterfaceOrientations_iPad = "UIInterfaceOrientationPortrait UIInterfaceOrientationPortraitUpsideDown UIInterfaceOrientationLandscapeLeft UIInterfaceOrientationLandscapeRight";
				INFOPLIST_KEY_UISupportedInterfaceOrientations_iPhone = "UIInterfaceOrientationPortrait UIInterfaceOrientationLandscapeLeft UIInterfaceOrientationLandscapeRight";
				LD_RUNPATH_SEARCH_PATHS = (
					"$(inherited)",
					"@executable_path/Frameworks",
				);
				MARKETING_VERSION = 1.0;
				PRODUCT_BUNDLE_IDENTIFIER = "com.isabelq.InteractiveUI-MultipleViews";
				PRODUCT_NAME = "$(TARGET_NAME)";
				SWIFT_EMIT_LOC_STRINGS = YES;
				SWIFT_VERSION = 5.0;
				TARGETED_DEVICE_FAMILY = "1,2";
			};
			name = Release;
		};
		90841F842C9B67080083DA98 /* Debug */ = {
			isa = XCBuildConfiguration;
			buildSettings = {
				ALWAYS_EMBED_SWIFT_STANDARD_LIBRARIES = YES;
				BUNDLE_LOADER = "$(TEST_HOST)";
				CODE_SIGN_STYLE = Automatic;
				CURRENT_PROJECT_VERSION = 1;
				GENERATE_INFOPLIST_FILE = YES;
				IPHONEOS_DEPLOYMENT_TARGET = 17.0;
				MARKETING_VERSION = 1.0;
				PRODUCT_BUNDLE_IDENTIFIER = "com.isabelq.InteractiveUI-MultipleViewsTests";
				PRODUCT_NAME = "$(TARGET_NAME)";
				SWIFT_EMIT_LOC_STRINGS = NO;
				SWIFT_VERSION = 5.0;
				TARGETED_DEVICE_FAMILY = "1,2";
				TEST_HOST = "$(BUILT_PRODUCTS_DIR)/InteractiveUI_MultipleViews.app/$(BUNDLE_EXECUTABLE_FOLDER_PATH)/InteractiveUI_MultipleViews";
			};
			name = Debug;
		};
		90841F852C9B67080083DA98 /* Release */ = {
			isa = XCBuildConfiguration;
			buildSettings = {
				ALWAYS_EMBED_SWIFT_STANDARD_LIBRARIES = YES;
				BUNDLE_LOADER = "$(TEST_HOST)";
				CODE_SIGN_STYLE = Automatic;
				CURRENT_PROJECT_VERSION = 1;
				GENERATE_INFOPLIST_FILE = YES;
				IPHONEOS_DEPLOYMENT_TARGET = 17.0;
				MARKETING_VERSION = 1.0;
				PRODUCT_BUNDLE_IDENTIFIER = "com.isabelq.InteractiveUI-MultipleViewsTests";
				PRODUCT_NAME = "$(TARGET_NAME)";
				SWIFT_EMIT_LOC_STRINGS = NO;
				SWIFT_VERSION = 5.0;
				TARGETED_DEVICE_FAMILY = "1,2";
				TEST_HOST = "$(BUILT_PRODUCTS_DIR)/InteractiveUI_MultipleViews.app/$(BUNDLE_EXECUTABLE_FOLDER_PATH)/InteractiveUI_MultipleViews";
			};
			name = Release;
		};
		90841F872C9B67080083DA98 /* Debug */ = {
			isa = XCBuildConfiguration;
			buildSettings = {
				ALWAYS_EMBED_SWIFT_STANDARD_LIBRARIES = YES;
				CODE_SIGN_STYLE = Automatic;
				CURRENT_PROJECT_VERSION = 1;
				GENERATE_INFOPLIST_FILE = YES;
				MARKETING_VERSION = 1.0;
				PRODUCT_BUNDLE_IDENTIFIER = "com.isabelq.InteractiveUI-MultipleViewsUITests";
				PRODUCT_NAME = "$(TARGET_NAME)";
				SWIFT_EMIT_LOC_STRINGS = NO;
				SWIFT_VERSION = 5.0;
				TARGETED_DEVICE_FAMILY = "1,2";
				TEST_TARGET_NAME = InteractiveUI_MultipleViews;
			};
			name = Debug;
		};
		90841F882C9B67080083DA98 /* Release */ = {
			isa = XCBuildConfiguration;
			buildSettings = {
				ALWAYS_EMBED_SWIFT_STANDARD_LIBRARIES = YES;
				CODE_SIGN_STYLE = Automatic;
				CURRENT_PROJECT_VERSION = 1;
				GENERATE_INFOPLIST_FILE = YES;
				MARKETING_VERSION = 1.0;
				PRODUCT_BUNDLE_IDENTIFIER = "com.isabelq.InteractiveUI-MultipleViewsUITests";
				PRODUCT_NAME = "$(TARGET_NAME)";
				SWIFT_EMIT_LOC_STRINGS = NO;
				SWIFT_VERSION = 5.0;
				TARGETED_DEVICE_FAMILY = "1,2";
				TEST_TARGET_NAME = InteractiveUI_MultipleViews;
			};
			name = Release;
		};
/* End XCBuildConfiguration section */

/* Begin XCConfigurationList section */
		90841F572C9B67070083DA98 /* Build configuration list for PBXProject "InteractiveUI_MultipleViews" */ = {
			isa = XCConfigurationList;
			buildConfigurations = (
				90841F7E2C9B67080083DA98 /* Debug */,
				90841F7F2C9B67080083DA98 /* Release */,
			);
			defaultConfigurationIsVisible = 0;
			defaultConfigurationName = Release;
		};
		90841F802C9B67080083DA98 /* Build configuration list for PBXNativeTarget "InteractiveUI_MultipleViews" */ = {
			isa = XCConfigurationList;
			buildConfigurations = (
				90841F812C9B67080083DA98 /* Debug */,
				90841F822C9B67080083DA98 /* Release */,
			);
			defaultConfigurationIsVisible = 0;
			defaultConfigurationName = Release;
		};
		90841F832C9B67080083DA98 /* Build configuration list for PBXNativeTarget "InteractiveUI_MultipleViewsTests" */ = {
			isa = XCConfigurationList;
			buildConfigurations = (
				90841F842C9B67080083DA98 /* Debug */,
				90841F852C9B67080083DA98 /* Release */,
			);
			defaultConfigurationIsVisible = 0;
			defaultConfigurationName = Release;
		};
		90841F862C9B67080083DA98 /* Build configuration list for PBXNativeTarget "InteractiveUI_MultipleViewsUITests" */ = {
			isa = XCConfigurationList;
			buildConfigurations = (
				90841F872C9B67080083DA98 /* Debug */,
				90841F882C9B67080083DA98 /* Release */,
			);
			defaultConfigurationIsVisible = 0;
			defaultConfigurationName = Release;
		};
/* End XCConfigurationList section */
	};
	rootObject = 90841F542C9B67070083DA98 /* Project object */;
}
